// !$*UTF8*$!
{
	archiveVersion = 1;
	classes = {
	};
	objectVersion = 46;
	objects = {

/* Begin PBXBuildFile section */
		1CA360211CFBD0F0006909D8 /* Test0ViewController.swift in Sources */ = {isa = PBXBuildFile; fileRef = 1CA360201CFBD0F0006909D8 /* Test0ViewController.swift */; };
		1CA360231CFBD1E7006909D8 /* Test1ViewController.swift in Sources */ = {isa = PBXBuildFile; fileRef = 1CA360221CFBD1E7006909D8 /* Test1ViewController.swift */; };
		1CA360251CFBD1EF006909D8 /* Test2ViewController.swift in Sources */ = {isa = PBXBuildFile; fileRef = 1CA360241CFBD1EF006909D8 /* Test2ViewController.swift */; };
		1CA360271CFBD1F7006909D8 /* Test3ViewController.swift in Sources */ = {isa = PBXBuildFile; fileRef = 1CA360261CFBD1F7006909D8 /* Test3ViewController.swift */; };
		1CA360291CFBD200006909D8 /* Test4ViewController.swift in Sources */ = {isa = PBXBuildFile; fileRef = 1CA360281CFBD200006909D8 /* Test4ViewController.swift */; };
		1CA3602B1CFC2555006909D8 /* Test5ViewController.swift in Sources */ = {isa = PBXBuildFile; fileRef = 1CA3602A1CFC2555006909D8 /* Test5ViewController.swift */; };
		1CA3602D1CFC4E39006909D8 /* Test6ViewController.swift in Sources */ = {isa = PBXBuildFile; fileRef = 1CA3602C1CFC4E39006909D8 /* Test6ViewController.swift */; };
		1CB255DD1CFA98B400584ACB /* AppDelegate.swift in Sources */ = {isa = PBXBuildFile; fileRef = 1CB255DC1CFA98B400584ACB /* AppDelegate.swift */; };
		1CB255DF1CFA98B400584ACB /* ViewController.swift in Sources */ = {isa = PBXBuildFile; fileRef = 1CB255DE1CFA98B400584ACB /* ViewController.swift */; };
		1CB255E21CFA98B400584ACB /* Main.storyboard in Resources */ = {isa = PBXBuildFile; fileRef = 1CB255E01CFA98B400584ACB /* Main.storyboard */; };
		1CB255E41CFA98B400584ACB /* Assets.xcassets in Resources */ = {isa = PBXBuildFile; fileRef = 1CB255E31CFA98B400584ACB /* Assets.xcassets */; };
		1CB255E71CFA98B400584ACB /* LaunchScreen.storyboard in Resources */ = {isa = PBXBuildFile; fileRef = 1CB255E51CFA98B400584ACB /* LaunchScreen.storyboard */; };
		1CB255F01CFA98E100584ACB /* AUUStepMenu.swift in Sources */ = {isa = PBXBuildFile; fileRef = 1CB255EF1CFA98E100584ACB /* AUUStepMenu.swift */; };
/* End PBXBuildFile section */

/* Begin PBXFileReference section */
		1CA360201CFBD0F0006909D8 /* Test0ViewController.swift */ = {isa = PBXFileReference; fileEncoding = 4; lastKnownFileType = sourcecode.swift; path = Test0ViewController.swift; sourceTree = "<group>"; };
		1CA360221CFBD1E7006909D8 /* Test1ViewController.swift */ = {isa = PBXFileReference; fileEncoding = 4; lastKnownFileType = sourcecode.swift; path = Test1ViewController.swift; sourceTree = "<group>"; };
		1CA360241CFBD1EF006909D8 /* Test2ViewController.swift */ = {isa = PBXFileReference; fileEncoding = 4; lastKnownFileType = sourcecode.swift; path = Test2ViewController.swift; sourceTree = "<group>"; };
		1CA360261CFBD1F7006909D8 /* Test3ViewController.swift */ = {isa = PBXFileReference; fileEncoding = 4; lastKnownFileType = sourcecode.swift; path = Test3ViewController.swift; sourceTree = "<group>"; };
		1CA360281CFBD200006909D8 /* Test4ViewController.swift */ = {isa = PBXFileReference; fileEncoding = 4; lastKnownFileType = sourcecode.swift; path = Test4ViewController.swift; sourceTree = "<group>"; };
		1CA3602A1CFC2555006909D8 /* Test5ViewController.swift */ = {isa = PBXFileReference; fileEncoding = 4; lastKnownFileType = sourcecode.swift; path = Test5ViewController.swift; sourceTree = "<group>"; };
		1CA3602C1CFC4E39006909D8 /* Test6ViewController.swift */ = {isa = PBXFileReference; fileEncoding = 4; lastKnownFileType = sourcecode.swift; path = Test6ViewController.swift; sourceTree = "<group>"; };
		1CB255D91CFA98B400584ACB /* StepMenu.app */ = {isa = PBXFileReference; explicitFileType = wrapper.application; includeInIndex = 0; path = StepMenu.app; sourceTree = BUILT_PRODUCTS_DIR; };
		1CB255DC1CFA98B400584ACB /* AppDelegate.swift */ = {isa = PBXFileReference; lastKnownFileType = sourcecode.swift; path = AppDelegate.swift; sourceTree = "<group>"; };
		1CB255DE1CFA98B400584ACB /* ViewController.swift */ = {isa = PBXFileReference; lastKnownFileType = sourcecode.swift; path = ViewController.swift; sourceTree = "<group>"; };
		1CB255E11CFA98B400584ACB /* Base */ = {isa = PBXFileReference; lastKnownFileType = file.storyboard; name = Base; path = Base.lproj/Main.storyboard; sourceTree = "<group>"; };
		1CB255E31CFA98B400584ACB /* Assets.xcassets */ = {isa = PBXFileReference; lastKnownFileType = folder.assetcatalog; path = Assets.xcassets; sourceTree = "<group>"; };
		1CB255E61CFA98B400584ACB /* Base */ = {isa = PBXFileReference; lastKnownFileType = file.storyboard; name = Base; path = Base.lproj/LaunchScreen.storyboard; sourceTree = "<group>"; };
		1CB255E81CFA98B400584ACB /* Info.plist */ = {isa = PBXFileReference; lastKnownFileType = text.plist.xml; path = Info.plist; sourceTree = "<group>"; };
		1CB255EF1CFA98E100584ACB /* AUUStepMenu.swift */ = {isa = PBXFileReference; fileEncoding = 4; lastKnownFileType = sourcecode.swift; path = AUUStepMenu.swift; sourceTree = "<group>"; };
/* End PBXFileReference section */

/* Begin PBXFrameworksBuildPhase section */
		1CB255D61CFA98B400584ACB /* Frameworks */ = {
			isa = PBXFrameworksBuildPhase;
			buildActionMask = 2147483647;
			files = (
			);
			runOnlyForDeploymentPostprocessing = 0;
		};
/* End PBXFrameworksBuildPhase section */

/* Begin PBXGroup section */
		1CA3601F1CFBD0E8006909D8 /* TestViewController */ = {
			isa = PBXGroup;
			children = (
				1CA360201CFBD0F0006909D8 /* Test0ViewController.swift */,
				1CA360221CFBD1E7006909D8 /* Test1ViewController.swift */,
				1CA360241CFBD1EF006909D8 /* Test2ViewController.swift */,
				1CA360261CFBD1F7006909D8 /* Test3ViewController.swift */,
				1CA360281CFBD200006909D8 /* Test4ViewController.swift */,
				1CA3602A1CFC2555006909D8 /* Test5ViewController.swift */,
				1CA3602C1CFC4E39006909D8 /* Test6ViewController.swift */,
			);
			path = TestViewController;
			sourceTree = "<group>";
		};
		1CB255D01CFA98B400584ACB = {
			isa = PBXGroup;
			children = (
				1CB255DB1CFA98B400584ACB /* StepMenu */,
				1CB255DA1CFA98B400584ACB /* Products */,
			);
			sourceTree = "<group>";
		};
		1CB255DA1CFA98B400584ACB /* Products */ = {
			isa = PBXGroup;
			children = (
				1CB255D91CFA98B400584ACB /* StepMenu.app */,
			);
			name = Products;
			sourceTree = "<group>";
		};
		1CB255DB1CFA98B400584ACB /* StepMenu */ = {
			isa = PBXGroup;
			children = (
				1CB255DC1CFA98B400584ACB /* AppDelegate.swift */,
				1CB255DE1CFA98B400584ACB /* ViewController.swift */,
				1CA3601F1CFBD0E8006909D8 /* TestViewController */,
				1CB255EE1CFA98CE00584ACB /* StepMenu */,
				1CB255E31CFA98B400584ACB /* Assets.xcassets */,
				1CB255E01CFA98B400584ACB /* Main.storyboard */,
				1CB255E51CFA98B400584ACB /* LaunchScreen.storyboard */,
				1CB255E81CFA98B400584ACB /* Info.plist */,
			);
			path = StepMenu;
			sourceTree = "<group>";
		};
		1CB255EE1CFA98CE00584ACB /* StepMenu */ = {
			isa = PBXGroup;
			children = (
				1CB255EF1CFA98E100584ACB /* AUUStepMenu.swift */,
			);
			path = StepMenu;
			sourceTree = "<group>";
		};
/* End PBXGroup section */

/* Begin PBXNativeTarget section */
		1CB255D81CFA98B400584ACB /* StepMenu */ = {
			isa = PBXNativeTarget;
			buildConfigurationList = 1CB255EB1CFA98B400584ACB /* Build configuration list for PBXNativeTarget "StepMenu" */;
			buildPhases = (
				1CB255D51CFA98B400584ACB /* Sources */,
				1CB255D61CFA98B400584ACB /* Frameworks */,
				1CB255D71CFA98B400584ACB /* Resources */,
			);
			buildRules = (
			);
			dependencies = (
			);
			name = StepMenu;
			productName = StepMenu;
			productReference = 1CB255D91CFA98B400584ACB /* StepMenu.app */;
			productType = "com.apple.product-type.application";
		};
/* End PBXNativeTarget section */

/* Begin PBXProject section */
		1CB255D11CFA98B400584ACB /* Project object */ = {
			isa = PBXProject;
			attributes = {
				LastSwiftUpdateCheck = 0730;
				LastUpgradeCheck = 0730;
				ORGANIZATIONNAME = "胡金友";
				TargetAttributes = {
					1CB255D81CFA98B400584ACB = {
						CreatedOnToolsVersion = 7.3;
						DevelopmentTeam = EHNB49T236;
					};
				};
			};
			buildConfigurationList = 1CB255D41CFA98B400584ACB /* Build configuration list for PBXProject "StepMenu" */;
			compatibilityVersion = "Xcode 3.2";
			developmentRegion = English;
			hasScannedForEncodings = 0;
			knownRegions = (
				en,
				Base,
			);
			mainGroup = 1CB255D01CFA98B400584ACB;
			productRefGroup = 1CB255DA1CFA98B400584ACB /* Products */;
			projectDirPath = "";
			projectRoot = "";
			targets = (
				1CB255D81CFA98B400584ACB /* StepMenu */,
			);
		};
/* End PBXProject section */

/* Begin PBXResourcesBuildPhase section */
		1CB255D71CFA98B400584ACB /* Resources */ = {
			isa = PBXResourcesBuildPhase;
			buildActionMask = 2147483647;
			files = (
				1CB255E71CFA98B400584ACB /* LaunchScreen.storyboard in Resources */,
				1CB255E41CFA98B400584ACB /* Assets.xcassets in Resources */,
				1CB255E21CFA98B400584ACB /* Main.storyboard in Resources */,
			);
			runOnlyForDeploymentPostprocessing = 0;
		};
/* End PBXResourcesBuildPhase section */

/* Begin PBXSourcesBuildPhase section */
		1CB255D51CFA98B400584ACB /* Sources */ = {
			isa = PBXSourcesBuildPhase;
			buildActionMask = 2147483647;
			files = (
				1CB255DF1CFA98B400584ACB /* ViewController.swift in Sources */,
				1CA360271CFBD1F7006909D8 /* Test3ViewController.swift in Sources */,
				1CA360251CFBD1EF006909D8 /* Test2ViewController.swift in Sources */,
				1CA360231CFBD1E7006909D8 /* Test1ViewController.swift in Sources */,
				1CB255DD1CFA98B400584ACB /* AppDelegate.swift in Sources */,
				1CA3602B1CFC2555006909D8 /* Test5ViewController.swift in Sources */,
				1CB255F01CFA98E100584ACB /* AUUStepMenu.swift in Sources */,
				1CA360211CFBD0F0006909D8 /* Test0ViewController.swift in Sources */,
				1CA360291CFBD200006909D8 /* Test4ViewController.swift in Sources */,
				1CA3602D1CFC4E39006909D8 /* Test6ViewController.swift in Sources */,
			);
			runOnlyForDeploymentPostprocessing = 0;
		};
/* End PBXSourcesBuildPhase section */

/* Begin PBXVariantGroup section */
		1CB255E01CFA98B400584ACB /* Main.storyboard */ = {
			isa = PBXVariantGroup;
			children = (
				1CB255E11CFA98B400584ACB /* Base */,
			);
			name = Main.storyboard;
			sourceTree = "<group>";
		};
		1CB255E51CFA98B400584ACB /* LaunchScreen.storyboard */ = {
			isa = PBXVariantGroup;
			children = (
				1CB255E61CFA98B400584ACB /* Base */,
			);
			name = LaunchScreen.storyboard;
			sourceTree = "<group>";
		};
/* End PBXVariantGroup section */

/* Begin XCBuildConfiguration section */
		1CB255E91CFA98B400584ACB /* Debug */ = {
			isa = XCBuildConfiguration;
			buildSettings = {
				ALWAYS_SEARCH_USER_PATHS = NO;
				CLANG_ANALYZER_NONNULL = YES;
				CLANG_CXX_LANGUAGE_STANDARD = "gnu++0x";
				CLANG_CXX_LIBRARY = "libc++";
				CLANG_ENABLE_MODULES = YES;
				CLANG_ENABLE_OBJC_ARC = YES;
				CLANG_WARN_BOOL_CONVERSION = YES;
				CLANG_WARN_CONSTANT_CONVERSION = YES;
				CLANG_WARN_DIRECT_OBJC_ISA_USAGE = YES_ERROR;
				CLANG_WARN_EMPTY_BODY = YES;
				CLANG_WARN_ENUM_CONVERSION = YES;
				CLANG_WARN_INT_CONVERSION = YES;
				CLANG_WARN_OBJC_ROOT_CLASS = YES_ERROR;
				CLANG_WARN_UNREACHABLE_CODE = YES;
				CLANG_WARN__DUPLICATE_METHOD_MATCH = YES;
				"CODE_SIGN_IDENTITY[sdk=iphoneos*]" = "iPhone Developer";
				COPY_PHASE_STRIP = NO;
				DEBUG_INFORMATION_FORMAT = dwarf;
				ENABLE_STRICT_OBJC_MSGSEND = YES;
				ENABLE_TESTABILITY = YES;
				GCC_C_LANGUAGE_STANDARD = gnu99;
				GCC_DYNAMIC_NO_PIC = NO;
				GCC_NO_COMMON_BLOCKS = YES;
				GCC_OPTIMIZATION_LEVEL = 0;
				GCC_PREPROCESSOR_DEFINITIONS = (
					"DEBUG=1",
					"$(inherited)",
				);
				GCC_WARN_64_TO_32_BIT_CONVERSION = YES;
				GCC_WARN_ABOUT_RETURN_TYPE = YES_ERROR;
				GCC_WARN_UNDECLARED_SELECTOR = YES;
				GCC_WARN_UNINITIALIZED_AUTOS = YES_AGGRESSIVE;
				GCC_WARN_UNUSED_FUNCTION = YES;
				GCC_WARN_UNUSED_VARIABLE = YES;
				IPHONEOS_DEPLOYMENT_TARGET = 9.3;
				MTL_ENABLE_DEBUG_INFO = YES;
				ONLY_ACTIVE_ARCH = YES;
				SDKROOT = iphoneos;
				SWIFT_OPTIMIZATION_LEVEL = "-Onone";
				TARGETED_DEVICE_FAMILY = "1,2";
			};
			name = Debug;
		};
		1CB255EA1CFA98B400584ACB /* Release */ = {
			isa = XCBuildConfiguration;
			buildSettings = {
				ALWAYS_SEARCH_USER_PATHS = NO;
				CLANG_ANALYZER_NONNULL = YES;
				CLANG_CXX_LANGUAGE_STANDARD = "gnu++0x";
				CLANG_CXX_LIBRARY = "libc++";
				CLANG_ENABLE_MODULES = YES;
				CLANG_ENABLE_OBJC_ARC = YES;
				CLANG_WARN_BOOL_CONVERSION = YES;
				CLANG_WARN_CONSTANT_CONVERSION = YES;
				CLANG_WARN_DIRECT_OBJC_ISA_USAGE = YES_ERROR;
				CLANG_WARN_EMPTY_BODY = YES;
				CLANG_WARN_ENUM_CONVERSION = YES;
				CLANG_WARN_INT_CONVERSION = YES;
				CLANG_WARN_OBJC_ROOT_CLASS = YES_ERROR;
				CLANG_WARN_UNREACHABLE_CODE = YES;
				CLANG_WARN__DUPLICATE_METHOD_MATCH = YES;
				"CODE_SIGN_IDENTITY[sdk=iphoneos*]" = "iPhone Developer";
				COPY_PHASE_STRIP = NO;
				DEBUG_INFORMATION_FORMAT = "dwarf-with-dsym";
				ENABLE_NS_ASSERTIONS = NO;
				ENABLE_STRICT_OBJC_MSGSEND = YES;
				GCC_C_LANGUAGE_STANDARD = gnu99;
				GCC_NO_COMMON_BLOCKS = YES;
				GCC_WARN_64_TO_32_BIT_CONVERSION = YES;
				GCC_WARN_ABOUT_RETURN_TYPE = YES_ERROR;
				GCC_WARN_UNDECLARED_SELECTOR = YES;
				GCC_WARN_UNINITIALIZED_AUTOS = YES_AGGRESSIVE;
				GCC_WARN_UNUSED_FUNCTION = YES;
				GCC_WARN_UNUSED_VARIABLE = YES;
				IPHONEOS_DEPLOYMENT_TARGET = 9.3;
				MTL_ENABLE_DEBUG_INFO = NO;
				SDKROOT = iphoneos;
				TARGETED_DEVICE_FAMILY = "1,2";
				VALIDATE_PRODUCT = YES;
			};
			name = Release;
		};
		1CB255EC1CFA98B400584ACB /* Debug */ = {
			isa = XCBuildConfiguration;
			buildSettings = {
				ASSETCATALOG_COMPILER_APPICON_NAME = AppIcon;
				INFOPLIST_FILE = StepMenu/Info.plist;
				LD_RUNPATH_SEARCH_PATHS = "$(inherited) @executable_path/Frameworks";
				PRODUCT_BUNDLE_IDENTIFIER = JinyouHu.StepMenu;
				PRODUCT_NAME = "$(TARGET_NAME)";
			};
			name = Debug;
		};
		1CB255ED1CFA98B400584ACB /* Release */ = {
			isa = XCBuildConfiguration;
			buildSettings = {
				ASSETCATALOG_COMPILER_APPICON_NAME = AppIcon;
				INFOPLIST_FILE = StepMenu/Info.plist;
				LD_RUNPATH_SEARCH_PATHS = "$(inherited) @executable_path/Frameworks";
				PRODUCT_BUNDLE_IDENTIFIER = JinyouHu.StepMenu;
				PRODUCT_NAME = "$(TARGET_NAME)";
			};
			name = Release;
		};
/* End XCBuildConfiguration section */

/* Begin XCConfigurationList section */
		1CB255D41CFA98B400584ACB /* Build configuration list for PBXProject "StepMenu" */ = {
			isa = XCConfigurationList;
			buildConfigurations = (
				1CB255E91CFA98B400584ACB /* Debug */,
				1CB255EA1CFA98B400584ACB /* Release */,
			);
			defaultConfigurationIsVisible = 0;
			defaultConfigurationName = Release;
		};
		1CB255EB1CFA98B400584ACB /* Build configuration list for PBXNativeTarget "StepMenu" */ = {
			isa = XCConfigurationList;
			buildConfigurations = (
				1CB255EC1CFA98B400584ACB /* Debug */,
				1CB255ED1CFA98B400584ACB /* Release */,
			);
			defaultConfigurationIsVisible = 0;
			defaultConfigurationName = Release;
		};
/* End XCConfigurationList section */
	};
	rootObject = 1CB255D11CFA98B400584ACB /* Project object */;
}
